// !$*UTF8*$!
{
	archiveVersion = 1;
	classes = {
	};
	objectVersion = 56;
	objects = {

/* Begin PBXBuildFile section */
		7FE541952C01F7AD0084AE10 /* AppConstants.swift in Sources */ = {isa = PBXBuildFile; fileRef = 7FE541942C01F7AD0084AE10 /* AppConstants.swift */; };
		7FE541972C01FAC40084AE10 /* AppEnvironment.swift in Sources */ = {isa = PBXBuildFile; fileRef = 7FE541962C01FAC40084AE10 /* AppEnvironment.swift */; };
		7FE541A22C01FCA20084AE10 /* APIClient.swift in Sources */ = {isa = PBXBuildFile; fileRef = 7FE541A12C01FCA20084AE10 /* APIClient.swift */; };
		7FE541A42C01FCB50084AE10 /* APIError.swift in Sources */ = {isa = PBXBuildFile; fileRef = 7FE541A32C01FCB50084AE10 /* APIError.swift */; };
		7FE541B22C02030D0084AE10 /* Strings.swift in Sources */ = {isa = PBXBuildFile; fileRef = 7FE541B12C02030D0084AE10 /* Strings.swift */; };
		B220915C2BF6661A00249009 /* Inter-Medium.ttf in Resources */ = {isa = PBXBuildFile; fileRef = B22091532BF6661900249009 /* Inter-Medium.ttf */; };
		B220915D2BF6661A00249009 /* Inter-SemiBold.ttf in Resources */ = {isa = PBXBuildFile; fileRef = B22091542BF6661900249009 /* Inter-SemiBold.ttf */; };
		B220915E2BF6661A00249009 /* Inter-Light.ttf in Resources */ = {isa = PBXBuildFile; fileRef = B22091552BF6661900249009 /* Inter-Light.ttf */; };
		B220915F2BF6661A00249009 /* Inter-Black.ttf in Resources */ = {isa = PBXBuildFile; fileRef = B22091562BF6661A00249009 /* Inter-Black.ttf */; };
		B22091602BF6661A00249009 /* Inter-ExtraLight.ttf in Resources */ = {isa = PBXBuildFile; fileRef = B22091572BF6661A00249009 /* Inter-ExtraLight.ttf */; };
		B22091612BF6661A00249009 /* Inter-Bold.ttf in Resources */ = {isa = PBXBuildFile; fileRef = B22091582BF6661A00249009 /* Inter-Bold.ttf */; };
		B22091622BF6661A00249009 /* Inter-ExtraBold.ttf in Resources */ = {isa = PBXBuildFile; fileRef = B22091592BF6661A00249009 /* Inter-ExtraBold.ttf */; };
		B22091632BF6661A00249009 /* Inter-Regular.ttf in Resources */ = {isa = PBXBuildFile; fileRef = B220915A2BF6661A00249009 /* Inter-Regular.ttf */; };
		B22091642BF6661A00249009 /* Inter-Thin.ttf in Resources */ = {isa = PBXBuildFile; fileRef = B220915B2BF6661A00249009 /* Inter-Thin.ttf */; };
		B22091672BF6667400249009 /* Fonts.swift in Sources */ = {isa = PBXBuildFile; fileRef = B22091662BF6667400249009 /* Fonts.swift */; };
		B220916B2BF724BB00249009 /* AnimatedText.swift in Sources */ = {isa = PBXBuildFile; fileRef = B220916A2BF724BB00249009 /* AnimatedText.swift */; };
		B220916E2BF7384000249009 /* OnBoardModel.swift in Sources */ = {isa = PBXBuildFile; fileRef = B220916D2BF7384000249009 /* OnBoardModel.swift */; };
		B22091732BF79ED100249009 /* OnBoardingViews.swift in Sources */ = {isa = PBXBuildFile; fileRef = B22091722BF79ED100249009 /* OnBoardingViews.swift */; };
		B22091752BF7AFD800249009 /* CustomIndicatorView.swift in Sources */ = {isa = PBXBuildFile; fileRef = B22091742BF7AFD800249009 /* CustomIndicatorView.swift */; };
		B22091782BF7B43900249009 /* Color+Extensions.swift in Sources */ = {isa = PBXBuildFile; fileRef = B22091772BF7B43900249009 /* Color+Extensions.swift */; };
		B220917B2BF7B94700249009 /* ButtonStyles.swift in Sources */ = {isa = PBXBuildFile; fileRef = B220917A2BF7B94700249009 /* ButtonStyles.swift */; };
		B220917E2BF861E700249009 /* SignupView.swift in Sources */ = {isa = PBXBuildFile; fileRef = B220917D2BF861E700249009 /* SignupView.swift */; };
		B22091812BF8620800249009 /* LoginView.swift in Sources */ = {isa = PBXBuildFile; fileRef = B22091802BF8620800249009 /* LoginView.swift */; };
		B22091862BF9474C00249009 /* AppTextFieldStyle.swift in Sources */ = {isa = PBXBuildFile; fileRef = B22091852BF9474C00249009 /* AppTextFieldStyle.swift */; };
		B22091882BF9F69D00249009 /* PasswordField.swift in Sources */ = {isa = PBXBuildFile; fileRef = B22091872BF9F69D00249009 /* PasswordField.swift */; };
		B220918A2BFB236B00249009 /* CheckBoxViews.swift in Sources */ = {isa = PBXBuildFile; fileRef = B22091892BFB236B00249009 /* CheckBoxViews.swift */; };
		B220918C2BFB293600249009 /* HighlightedTextView.swift in Sources */ = {isa = PBXBuildFile; fileRef = B220918B2BFB293600249009 /* HighlightedTextView.swift */; };
		B2B06F7D2BF52990007ECE43 /* ExpensesTrackerApp.swift in Sources */ = {isa = PBXBuildFile; fileRef = B2B06F7C2BF52990007ECE43 /* ExpensesTrackerApp.swift */; };
		B2B06F812BF52994007ECE43 /* Assets.xcassets in Resources */ = {isa = PBXBuildFile; fileRef = B2B06F802BF52994007ECE43 /* Assets.xcassets */; };
		B2B06F842BF52994007ECE43 /* Preview Assets.xcassets in Resources */ = {isa = PBXBuildFile; fileRef = B2B06F832BF52994007ECE43 /* Preview Assets.xcassets */; };
		B2B06F8E2BF52A37007ECE43 /* LaunchScreenView.swift in Sources */ = {isa = PBXBuildFile; fileRef = B2B06F8D2BF52A37007ECE43 /* LaunchScreenView.swift */; };
/* End PBXBuildFile section */

/* Begin PBXFileReference section */
		7FE541942C01F7AD0084AE10 /* AppConstants.swift */ = {isa = PBXFileReference; lastKnownFileType = sourcecode.swift; path = AppConstants.swift; sourceTree = "<group>"; };
		7FE541962C01FAC40084AE10 /* AppEnvironment.swift */ = {isa = PBXFileReference; lastKnownFileType = sourcecode.swift; path = AppEnvironment.swift; sourceTree = "<group>"; };
		7FE541A12C01FCA20084AE10 /* APIClient.swift */ = {isa = PBXFileReference; lastKnownFileType = sourcecode.swift; path = APIClient.swift; sourceTree = "<group>"; };
		7FE541A32C01FCB50084AE10 /* APIError.swift */ = {isa = PBXFileReference; lastKnownFileType = sourcecode.swift; path = APIError.swift; sourceTree = "<group>"; };
		7FE541B12C02030D0084AE10 /* Strings.swift */ = {isa = PBXFileReference; lastKnownFileType = sourcecode.swift; path = Strings.swift; sourceTree = "<group>"; };
		B22091532BF6661900249009 /* Inter-Medium.ttf */ = {isa = PBXFileReference; lastKnownFileType = file; path = "Inter-Medium.ttf"; sourceTree = "<group>"; };
		B22091542BF6661900249009 /* Inter-SemiBold.ttf */ = {isa = PBXFileReference; lastKnownFileType = file; path = "Inter-SemiBold.ttf"; sourceTree = "<group>"; };
		B22091552BF6661900249009 /* Inter-Light.ttf */ = {isa = PBXFileReference; lastKnownFileType = file; path = "Inter-Light.ttf"; sourceTree = "<group>"; };
		B22091562BF6661A00249009 /* Inter-Black.ttf */ = {isa = PBXFileReference; lastKnownFileType = file; path = "Inter-Black.ttf"; sourceTree = "<group>"; };
		B22091572BF6661A00249009 /* Inter-ExtraLight.ttf */ = {isa = PBXFileReference; lastKnownFileType = file; path = "Inter-ExtraLight.ttf"; sourceTree = "<group>"; };
		B22091582BF6661A00249009 /* Inter-Bold.ttf */ = {isa = PBXFileReference; lastKnownFileType = file; path = "Inter-Bold.ttf"; sourceTree = "<group>"; };
		B22091592BF6661A00249009 /* Inter-ExtraBold.ttf */ = {isa = PBXFileReference; lastKnownFileType = file; path = "Inter-ExtraBold.ttf"; sourceTree = "<group>"; };
		B220915A2BF6661A00249009 /* Inter-Regular.ttf */ = {isa = PBXFileReference; lastKnownFileType = file; path = "Inter-Regular.ttf"; sourceTree = "<group>"; };
		B220915B2BF6661A00249009 /* Inter-Thin.ttf */ = {isa = PBXFileReference; lastKnownFileType = file; path = "Inter-Thin.ttf"; sourceTree = "<group>"; };
		B22091662BF6667400249009 /* Fonts.swift */ = {isa = PBXFileReference; lastKnownFileType = sourcecode.swift; path = Fonts.swift; sourceTree = "<group>"; };
		B22091682BF6678500249009 /* Info.plist */ = {isa = PBXFileReference; lastKnownFileType = text.plist.xml; path = Info.plist; sourceTree = "<group>"; };
		B220916A2BF724BB00249009 /* AnimatedText.swift */ = {isa = PBXFileReference; lastKnownFileType = sourcecode.swift; path = AnimatedText.swift; sourceTree = "<group>"; };
		B220916D2BF7384000249009 /* OnBoardModel.swift */ = {isa = PBXFileReference; lastKnownFileType = sourcecode.swift; path = OnBoardModel.swift; sourceTree = "<group>"; };
		B22091722BF79ED100249009 /* OnBoardingViews.swift */ = {isa = PBXFileReference; lastKnownFileType = sourcecode.swift; path = OnBoardingViews.swift; sourceTree = "<group>"; };
		B22091742BF7AFD800249009 /* CustomIndicatorView.swift */ = {isa = PBXFileReference; lastKnownFileType = sourcecode.swift; path = CustomIndicatorView.swift; sourceTree = "<group>"; };
		B22091772BF7B43900249009 /* Color+Extensions.swift */ = {isa = PBXFileReference; lastKnownFileType = sourcecode.swift; path = "Color+Extensions.swift"; sourceTree = "<group>"; };
		B220917A2BF7B94700249009 /* ButtonStyles.swift */ = {isa = PBXFileReference; lastKnownFileType = sourcecode.swift; path = ButtonStyles.swift; sourceTree = "<group>"; };
		B220917D2BF861E700249009 /* SignupView.swift */ = {isa = PBXFileReference; lastKnownFileType = sourcecode.swift; path = SignupView.swift; sourceTree = "<group>"; };
		B22091802BF8620800249009 /* LoginView.swift */ = {isa = PBXFileReference; lastKnownFileType = sourcecode.swift; path = LoginView.swift; sourceTree = "<group>"; };
		B22091852BF9474C00249009 /* AppTextFieldStyle.swift */ = {isa = PBXFileReference; lastKnownFileType = sourcecode.swift; path = AppTextFieldStyle.swift; sourceTree = "<group>"; };
		B22091872BF9F69D00249009 /* PasswordField.swift */ = {isa = PBXFileReference; lastKnownFileType = sourcecode.swift; path = PasswordField.swift; sourceTree = "<group>"; };
		B22091892BFB236B00249009 /* CheckBoxViews.swift */ = {isa = PBXFileReference; lastKnownFileType = sourcecode.swift; path = CheckBoxViews.swift; sourceTree = "<group>"; };
		B220918B2BFB293600249009 /* HighlightedTextView.swift */ = {isa = PBXFileReference; lastKnownFileType = sourcecode.swift; path = HighlightedTextView.swift; sourceTree = "<group>"; };
		B2B06F792BF52990007ECE43 /* ExpensesTracker.app */ = {isa = PBXFileReference; explicitFileType = wrapper.application; includeInIndex = 0; path = ExpensesTracker.app; sourceTree = BUILT_PRODUCTS_DIR; };
		B2B06F7C2BF52990007ECE43 /* ExpensesTrackerApp.swift */ = {isa = PBXFileReference; lastKnownFileType = sourcecode.swift; path = ExpensesTrackerApp.swift; sourceTree = "<group>"; };
		B2B06F802BF52994007ECE43 /* Assets.xcassets */ = {isa = PBXFileReference; lastKnownFileType = folder.assetcatalog; path = Assets.xcassets; sourceTree = "<group>"; };
		B2B06F832BF52994007ECE43 /* Preview Assets.xcassets */ = {isa = PBXFileReference; lastKnownFileType = folder.assetcatalog; path = "Preview Assets.xcassets"; sourceTree = "<group>"; };
		B2B06F8D2BF52A37007ECE43 /* LaunchScreenView.swift */ = {isa = PBXFileReference; lastKnownFileType = sourcecode.swift; path = LaunchScreenView.swift; sourceTree = "<group>"; };
/* End PBXFileReference section */

/* Begin PBXFrameworksBuildPhase section */
		B2B06F762BF52990007ECE43 /* Frameworks */ = {
			isa = PBXFrameworksBuildPhase;
			buildActionMask = 2147483647;
			files = (
			);
			runOnlyForDeploymentPostprocessing = 0;
		};
/* End PBXFrameworksBuildPhase section */

/* Begin PBXGroup section */
		7FE541932C01E4A20084AE10 /* Application */ = {
			isa = PBXGroup;
			children = (
				7FE541942C01F7AD0084AE10 /* AppConstants.swift */,
				B2B06F7C2BF52990007ECE43 /* ExpensesTrackerApp.swift */,
				7FE541962C01FAC40084AE10 /* AppEnvironment.swift */,
			);
			path = Application;
			sourceTree = "<group>";
		};
		7FE541982C01FB550084AE10 /* Core */ = {
			isa = PBXGroup;
			children = (
				7FE5419B2C01FB9B0084AE10 /* Entities */,
				7FE5419A2C01FB880084AE10 /* UseCases */,
				7FE541992C01FB720084AE10 /* GateWays */,
			);
			path = Core;
			sourceTree = "<group>";
		};
		7FE541992C01FB720084AE10 /* GateWays */ = {
			isa = PBXGroup;
			children = (
			);
			path = GateWays;
			sourceTree = "<group>";
		};
		7FE5419A2C01FB880084AE10 /* UseCases */ = {
			isa = PBXGroup;
			children = (
			);
			path = UseCases;
			sourceTree = "<group>";
		};
		7FE5419B2C01FB9B0084AE10 /* Entities */ = {
			isa = PBXGroup;
			children = (
				B220916D2BF7384000249009 /* OnBoardModel.swift */,
			);
			path = Entities;
			sourceTree = "<group>";
		};
		7FE5419C2C01FC0D0084AE10 /* EntityGateWay */ = {
			isa = PBXGroup;
			children = (
				7FE5419D2C01FC220084AE10 /* API */,
			);
			path = EntityGateWay;
			sourceTree = "<group>";
		};
		7FE5419D2C01FC220084AE10 /* API */ = {
			isa = PBXGroup;
			children = (
				7FE541A12C01FCA20084AE10 /* APIClient.swift */,
				7FE541A32C01FCB50084AE10 /* APIError.swift */,
				7FE5419F2C01FC4F0084AE10 /* Gateways */,
				7FE541A02C01FC670084AE10 /* Entities */,
				7FE5419E2C01FC3C0084AE10 /* Requests */,
			);
			path = API;
			sourceTree = "<group>";
		};
		7FE5419E2C01FC3C0084AE10 /* Requests */ = {
			isa = PBXGroup;
			children = (
			);
			path = Requests;
			sourceTree = "<group>";
		};
		7FE5419F2C01FC4F0084AE10 /* Gateways */ = {
			isa = PBXGroup;
			children = (
			);
			path = Gateways;
			sourceTree = "<group>";
		};
		7FE541A02C01FC670084AE10 /* Entities */ = {
			isa = PBXGroup;
			children = (
			);
			path = Entities;
			sourceTree = "<group>";
		};
		7FE541A52C01FF050084AE10 /* Scenes */ = {
			isa = PBXGroup;
			children = (
				B220917F2BF861F900249009 /* Login */,
				7FE541AC2C0200710084AE10 /* Onboarding */,
				7FE541A82C01FF660084AE10 /* Signup */,
				7FE541A72C01FF520084AE10 /* Launch */,
				7FE541A62C01FF3A0084AE10 /* Components */,
			);
			path = Scenes;
			sourceTree = "<group>";
		};
		7FE541A62C01FF3A0084AE10 /* Components */ = {
			isa = PBXGroup;
			children = (
				B220916A2BF724BB00249009 /* AnimatedText.swift */,
				B22091742BF7AFD800249009 /* CustomIndicatorView.swift */,
				B22091892BFB236B00249009 /* CheckBoxViews.swift */,
				B220918B2BFB293600249009 /* HighlightedTextView.swift */,
				B22091872BF9F69D00249009 /* PasswordField.swift */,
				7FE541A92C01FFA80084AE10 /* Styles */,
			);
			path = Components;
			sourceTree = "<group>";
		};
		7FE541A72C01FF520084AE10 /* Launch */ = {
			isa = PBXGroup;
			children = (
				B2B06F8D2BF52A37007ECE43 /* LaunchScreenView.swift */,
			);
			path = Launch;
			sourceTree = "<group>";
		};
		7FE541A82C01FF660084AE10 /* Signup */ = {
			isa = PBXGroup;
			children = (
				B220917D2BF861E700249009 /* SignupView.swift */,
			);
			path = Signup;
			sourceTree = "<group>";
		};
		7FE541A92C01FFA80084AE10 /* Styles */ = {
			isa = PBXGroup;
			children = (
				7FE541AB2C01FFF40084AE10 /* Button */,
				7FE541AA2C01FFE60084AE10 /* TextField */,
			);
			path = Styles;
			sourceTree = "<group>";
		};
		7FE541AA2C01FFE60084AE10 /* TextField */ = {
			isa = PBXGroup;
			children = (
				B22091852BF9474C00249009 /* AppTextFieldStyle.swift */,
			);
			path = TextField;
			sourceTree = "<group>";
		};
		7FE541AB2C01FFF40084AE10 /* Button */ = {
			isa = PBXGroup;
			children = (
				B220917A2BF7B94700249009 /* ButtonStyles.swift */,
			);
			path = Button;
			sourceTree = "<group>";
		};
		7FE541AC2C0200710084AE10 /* Onboarding */ = {
			isa = PBXGroup;
			children = (
				B22091722BF79ED100249009 /* OnBoardingViews.swift */,
			);
			path = Onboarding;
			sourceTree = "<group>";
		};
		7FE541AE2C0202450084AE10 /* Utils */ = {
			isa = PBXGroup;
			children = (
				B22091652BF6665D00249009 /* Helper */,
				B22091762BF7B42600249009 /* Extensions */,
			);
			path = Utils;
			sourceTree = "<group>";
		};
		7FE541AF2C02024E0084AE10 /* Support Files */ = {
			isa = PBXGroup;
			children = (
				B2B06F802BF52994007ECE43 /* Assets.xcassets */,
				B22091682BF6678500249009 /* Info.plist */,
				B2B06F822BF52994007ECE43 /* Preview Content */,
				B2B06F8F2BF534F1007ECE43 /* Resources */,
			);
			path = "Support Files";
			sourceTree = "<group>";
		};
		7FE541B02C0202AD0084AE10 /* Constants */ = {
			isa = PBXGroup;
			children = (
				B22091662BF6667400249009 /* Fonts.swift */,
				7FE541B12C02030D0084AE10 /* Strings.swift */,
			);
			path = Constants;
			sourceTree = "<group>";
		};
		B22091652BF6665D00249009 /* Helper */ = {
			isa = PBXGroup;
			children = (
			);
			path = Helper;
			sourceTree = "<group>";
		};
		B22091762BF7B42600249009 /* Extensions */ = {
			isa = PBXGroup;
			children = (
				B22091772BF7B43900249009 /* Color+Extensions.swift */,
			);
			path = Extensions;
			sourceTree = "<group>";
		};
		B220917F2BF861F900249009 /* Login */ = {
			isa = PBXGroup;
			children = (
				B22091802BF8620800249009 /* LoginView.swift */,
			);
			path = Login;
			sourceTree = "<group>";
		};
		B2B06F702BF52990007ECE43 = {
			isa = PBXGroup;
			children = (
				B2B06F7B2BF52990007ECE43 /* ExpensesTracker */,
				B2B06F7A2BF52990007ECE43 /* Products */,
			);
			sourceTree = "<group>";
		};
		B2B06F7A2BF52990007ECE43 /* Products */ = {
			isa = PBXGroup;
			children = (
				B2B06F792BF52990007ECE43 /* ExpensesTracker.app */,
			);
			name = Products;
			sourceTree = "<group>";
		};
		B2B06F7B2BF52990007ECE43 /* ExpensesTracker */ = {
			isa = PBXGroup;
			children = (
				7FE541932C01E4A20084AE10 /* Application */,
				7FE541B02C0202AD0084AE10 /* Constants */,
				7FE541982C01FB550084AE10 /* Core */,
				7FE5419C2C01FC0D0084AE10 /* EntityGateWay */,
				7FE541A52C01FF050084AE10 /* Scenes */,
				7FE541AF2C02024E0084AE10 /* Support Files */,
				7FE541AE2C0202450084AE10 /* Utils */,
			);
			path = ExpensesTracker;
			sourceTree = "<group>";
		};
		B2B06F822BF52994007ECE43 /* Preview Content */ = {
			isa = PBXGroup;
			children = (
				B2B06F832BF52994007ECE43 /* Preview Assets.xcassets */,
			);
			path = "Preview Content";
			sourceTree = "<group>";
		};
		B2B06F8F2BF534F1007ECE43 /* Resources */ = {
			isa = PBXGroup;
			children = (
				B2B06F902BF5CCC5007ECE43 /* Fonts */,
			);
			path = Resources;
			sourceTree = "<group>";
		};
		B2B06F902BF5CCC5007ECE43 /* Fonts */ = {
			isa = PBXGroup;
			children = (
				B22091562BF6661A00249009 /* Inter-Black.ttf */,
				B22091582BF6661A00249009 /* Inter-Bold.ttf */,
				B22091592BF6661A00249009 /* Inter-ExtraBold.ttf */,
				B22091572BF6661A00249009 /* Inter-ExtraLight.ttf */,
				B22091552BF6661900249009 /* Inter-Light.ttf */,
				B22091532BF6661900249009 /* Inter-Medium.ttf */,
				B220915A2BF6661A00249009 /* Inter-Regular.ttf */,
				B22091542BF6661900249009 /* Inter-SemiBold.ttf */,
				B220915B2BF6661A00249009 /* Inter-Thin.ttf */,
			);
			path = Fonts;
			sourceTree = "<group>";
		};
/* End PBXGroup section */

/* Begin PBXNativeTarget section */
		B2B06F782BF52990007ECE43 /* ExpensesTracker */ = {
			isa = PBXNativeTarget;
			buildConfigurationList = B2B06F872BF52994007ECE43 /* Build configuration list for PBXNativeTarget "ExpensesTracker" */;
			buildPhases = (
				B2B06F752BF52990007ECE43 /* Sources */,
				B2B06F762BF52990007ECE43 /* Frameworks */,
				B2B06F772BF52990007ECE43 /* Resources */,
			);
			buildRules = (
			);
			dependencies = (
			);
			name = ExpensesTracker;
			productName = ExpensesTracker;
			productReference = B2B06F792BF52990007ECE43 /* ExpensesTracker.app */;
			productType = "com.apple.product-type.application";
		};
/* End PBXNativeTarget section */

/* Begin PBXProject section */
		B2B06F712BF52990007ECE43 /* Project object */ = {
			isa = PBXProject;
			attributes = {
				BuildIndependentTargetsInParallel = 1;
				LastSwiftUpdateCheck = 1530;
				LastUpgradeCheck = 1530;
				TargetAttributes = {
					B2B06F782BF52990007ECE43 = {
						CreatedOnToolsVersion = 15.3;
					};
				};
			};
			buildConfigurationList = B2B06F742BF52990007ECE43 /* Build configuration list for PBXProject "ExpensesTracker" */;
			compatibilityVersion = "Xcode 14.0";
			developmentRegion = en;
			hasScannedForEncodings = 0;
			knownRegions = (
				en,
				Base,
			);
			mainGroup = B2B06F702BF52990007ECE43;
			productRefGroup = B2B06F7A2BF52990007ECE43 /* Products */;
			projectDirPath = "";
			projectRoot = "";
			targets = (
				B2B06F782BF52990007ECE43 /* ExpensesTracker */,
			);
		};
/* End PBXProject section */

/* Begin PBXResourcesBuildPhase section */
		B2B06F772BF52990007ECE43 /* Resources */ = {
			isa = PBXResourcesBuildPhase;
			buildActionMask = 2147483647;
			files = (
				B220915E2BF6661A00249009 /* Inter-Light.ttf in Resources */,
				B220915F2BF6661A00249009 /* Inter-Black.ttf in Resources */,
				B22091622BF6661A00249009 /* Inter-ExtraBold.ttf in Resources */,
				B22091612BF6661A00249009 /* Inter-Bold.ttf in Resources */,
				B220915D2BF6661A00249009 /* Inter-SemiBold.ttf in Resources */,
				B22091642BF6661A00249009 /* Inter-Thin.ttf in Resources */,
				B22091602BF6661A00249009 /* Inter-ExtraLight.ttf in Resources */,
				B22091632BF6661A00249009 /* Inter-Regular.ttf in Resources */,
				B2B06F842BF52994007ECE43 /* Preview Assets.xcassets in Resources */,
				B2B06F812BF52994007ECE43 /* Assets.xcassets in Resources */,
				B220915C2BF6661A00249009 /* Inter-Medium.ttf in Resources */,
			);
			runOnlyForDeploymentPostprocessing = 0;
		};
/* End PBXResourcesBuildPhase section */

/* Begin PBXSourcesBuildPhase section */
		B2B06F752BF52990007ECE43 /* Sources */ = {
			isa = PBXSourcesBuildPhase;
			buildActionMask = 2147483647;
			files = (
				B220916B2BF724BB00249009 /* AnimatedText.swift in Sources */,
				B22091732BF79ED100249009 /* OnBoardingViews.swift in Sources */,
				7FE541B22C02030D0084AE10 /* Strings.swift in Sources */,
				B2B06F7D2BF52990007ECE43 /* ExpensesTrackerApp.swift in Sources */,
				B220918A2BFB236B00249009 /* CheckBoxViews.swift in Sources */,
				B22091782BF7B43900249009 /* Color+Extensions.swift in Sources */,
				B220917E2BF861E700249009 /* SignupView.swift in Sources */,
				B22091862BF9474C00249009 /* AppTextFieldStyle.swift in Sources */,
				B22091882BF9F69D00249009 /* PasswordField.swift in Sources */,
				7FE541A42C01FCB50084AE10 /* APIError.swift in Sources */,
				B220917B2BF7B94700249009 /* ButtonStyles.swift in Sources */,
				B220916E2BF7384000249009 /* OnBoardModel.swift in Sources */,
				B22091752BF7AFD800249009 /* CustomIndicatorView.swift in Sources */,
				7FE541952C01F7AD0084AE10 /* AppConstants.swift in Sources */,
				B22091812BF8620800249009 /* LoginView.swift in Sources */,
				B2B06F8E2BF52A37007ECE43 /* LaunchScreenView.swift in Sources */,
				7FE541972C01FAC40084AE10 /* AppEnvironment.swift in Sources */,
				B220918C2BFB293600249009 /* HighlightedTextView.swift in Sources */,
				B22091672BF6667400249009 /* Fonts.swift in Sources */,
				7FE541A22C01FCA20084AE10 /* APIClient.swift in Sources */,
			);
			runOnlyForDeploymentPostprocessing = 0;
		};
/* End PBXSourcesBuildPhase section */

/* Begin XCBuildConfiguration section */
		B2B06F852BF52994007ECE43 /* Debug */ = {
			isa = XCBuildConfiguration;
			buildSettings = {
				ALWAYS_SEARCH_USER_PATHS = NO;
				ASSETCATALOG_COMPILER_GENERATE_SWIFT_ASSET_SYMBOL_EXTENSIONS = YES;
				CLANG_ANALYZER_NONNULL = YES;
				CLANG_ANALYZER_NUMBER_OBJECT_CONVERSION = YES_AGGRESSIVE;
				CLANG_CXX_LANGUAGE_STANDARD = "gnu++20";
				CLANG_ENABLE_MODULES = YES;
				CLANG_ENABLE_OBJC_ARC = YES;
				CLANG_ENABLE_OBJC_WEAK = YES;
				CLANG_WARN_BLOCK_CAPTURE_AUTORELEASING = YES;
				CLANG_WARN_BOOL_CONVERSION = YES;
				CLANG_WARN_COMMA = YES;
				CLANG_WARN_CONSTANT_CONVERSION = YES;
				CLANG_WARN_DEPRECATED_OBJC_IMPLEMENTATIONS = YES;
				CLANG_WARN_DIRECT_OBJC_ISA_USAGE = YES_ERROR;
				CLANG_WARN_DOCUMENTATION_COMMENTS = YES;
				CLANG_WARN_EMPTY_BODY = YES;
				CLANG_WARN_ENUM_CONVERSION = YES;
				CLANG_WARN_INFINITE_RECURSION = YES;
				CLANG_WARN_INT_CONVERSION = YES;
				CLANG_WARN_NON_LITERAL_NULL_CONVERSION = YES;
				CLANG_WARN_OBJC_IMPLICIT_RETAIN_SELF = YES;
				CLANG_WARN_OBJC_LITERAL_CONVERSION = YES;
				CLANG_WARN_OBJC_ROOT_CLASS = YES_ERROR;
				CLANG_WARN_QUOTED_INCLUDE_IN_FRAMEWORK_HEADER = YES;
				CLANG_WARN_RANGE_LOOP_ANALYSIS = YES;
				CLANG_WARN_STRICT_PROTOTYPES = YES;
				CLANG_WARN_SUSPICIOUS_MOVE = YES;
				CLANG_WARN_UNGUARDED_AVAILABILITY = YES_AGGRESSIVE;
				CLANG_WARN_UNREACHABLE_CODE = YES;
				CLANG_WARN__DUPLICATE_METHOD_MATCH = YES;
				COPY_PHASE_STRIP = NO;
				DEBUG_INFORMATION_FORMAT = dwarf;
				ENABLE_STRICT_OBJC_MSGSEND = YES;
				ENABLE_TESTABILITY = YES;
				ENABLE_USER_SCRIPT_SANDBOXING = YES;
				GCC_C_LANGUAGE_STANDARD = gnu17;
				GCC_DYNAMIC_NO_PIC = NO;
				GCC_NO_COMMON_BLOCKS = YES;
				GCC_OPTIMIZATION_LEVEL = 0;
				GCC_PREPROCESSOR_DEFINITIONS = (
					"DEBUG=1",
					"$(inherited)",
				);
				GCC_WARN_64_TO_32_BIT_CONVERSION = YES;
				GCC_WARN_ABOUT_RETURN_TYPE = YES_ERROR;
				GCC_WARN_UNDECLARED_SELECTOR = YES;
				GCC_WARN_UNINITIALIZED_AUTOS = YES_AGGRESSIVE;
				GCC_WARN_UNUSED_FUNCTION = YES;
				GCC_WARN_UNUSED_VARIABLE = YES;
				IPHONEOS_DEPLOYMENT_TARGET = 17.4;
				LOCALIZATION_PREFERS_STRING_CATALOGS = YES;
				MTL_ENABLE_DEBUG_INFO = INCLUDE_SOURCE;
				MTL_FAST_MATH = YES;
				ONLY_ACTIVE_ARCH = YES;
				SDKROOT = iphoneos;
				SWIFT_ACTIVE_COMPILATION_CONDITIONS = "DEBUG $(inherited)";
				SWIFT_OPTIMIZATION_LEVEL = "-Onone";
			};
			name = Debug;
		};
		B2B06F862BF52994007ECE43 /* Release */ = {
			isa = XCBuildConfiguration;
			buildSettings = {
				ALWAYS_SEARCH_USER_PATHS = NO;
				ASSETCATALOG_COMPILER_GENERATE_SWIFT_ASSET_SYMBOL_EXTENSIONS = YES;
				CLANG_ANALYZER_NONNULL = YES;
				CLANG_ANALYZER_NUMBER_OBJECT_CONVERSION = YES_AGGRESSIVE;
				CLANG_CXX_LANGUAGE_STANDARD = "gnu++20";
				CLANG_ENABLE_MODULES = YES;
				CLANG_ENABLE_OBJC_ARC = YES;
				CLANG_ENABLE_OBJC_WEAK = YES;
				CLANG_WARN_BLOCK_CAPTURE_AUTORELEASING = YES;
				CLANG_WARN_BOOL_CONVERSION = YES;
				CLANG_WARN_COMMA = YES;
				CLANG_WARN_CONSTANT_CONVERSION = YES;
				CLANG_WARN_DEPRECATED_OBJC_IMPLEMENTATIONS = YES;
				CLANG_WARN_DIRECT_OBJC_ISA_USAGE = YES_ERROR;
				CLANG_WARN_DOCUMENTATION_COMMENTS = YES;
				CLANG_WARN_EMPTY_BODY = YES;
				CLANG_WARN_ENUM_CONVERSION = YES;
				CLANG_WARN_INFINITE_RECURSION = YES;
				CLANG_WARN_INT_CONVERSION = YES;
				CLANG_WARN_NON_LITERAL_NULL_CONVERSION = YES;
				CLANG_WARN_OBJC_IMPLICIT_RETAIN_SELF = YES;
				CLANG_WARN_OBJC_LITERAL_CONVERSION = YES;
				CLANG_WARN_OBJC_ROOT_CLASS = YES_ERROR;
				CLANG_WARN_QUOTED_INCLUDE_IN_FRAMEWORK_HEADER = YES;
				CLANG_WARN_RANGE_LOOP_ANALYSIS = YES;
				CLANG_WARN_STRICT_PROTOTYPES = YES;
				CLANG_WARN_SUSPICIOUS_MOVE = YES;
				CLANG_WARN_UNGUARDED_AVAILABILITY = YES_AGGRESSIVE;
				CLANG_WARN_UNREACHABLE_CODE = YES;
				CLANG_WARN__DUPLICATE_METHOD_MATCH = YES;
				COPY_PHASE_STRIP = NO;
				DEBUG_INFORMATION_FORMAT = "dwarf-with-dsym";
				ENABLE_NS_ASSERTIONS = NO;
				ENABLE_STRICT_OBJC_MSGSEND = YES;
				ENABLE_USER_SCRIPT_SANDBOXING = YES;
				GCC_C_LANGUAGE_STANDARD = gnu17;
				GCC_NO_COMMON_BLOCKS = YES;
				GCC_WARN_64_TO_32_BIT_CONVERSION = YES;
				GCC_WARN_ABOUT_RETURN_TYPE = YES_ERROR;
				GCC_WARN_UNDECLARED_SELECTOR = YES;
				GCC_WARN_UNINITIALIZED_AUTOS = YES_AGGRESSIVE;
				GCC_WARN_UNUSED_FUNCTION = YES;
				GCC_WARN_UNUSED_VARIABLE = YES;
				IPHONEOS_DEPLOYMENT_TARGET = 17.4;
				LOCALIZATION_PREFERS_STRING_CATALOGS = YES;
				MTL_ENABLE_DEBUG_INFO = NO;
				MTL_FAST_MATH = YES;
				SDKROOT = iphoneos;
				SWIFT_COMPILATION_MODE = wholemodule;
				VALIDATE_PRODUCT = YES;
			};
			name = Release;
		};
		B2B06F882BF52994007ECE43 /* Debug */ = {
			isa = XCBuildConfiguration;
			buildSettings = {
				ASSETCATALOG_COMPILER_APPICON_NAME = AppIcon;
				ASSETCATALOG_COMPILER_GLOBAL_ACCENT_COLOR_NAME = AccentColor;
				CODE_SIGN_STYLE = Automatic;
				CURRENT_PROJECT_VERSION = 1;
				DEVELOPMENT_ASSET_PATHS = "\"./ExpensesTracker/Support Files/Preview Content\"";
				ENABLE_PREVIEWS = YES;
				GENERATE_INFOPLIST_FILE = YES;
				INFOPLIST_FILE = "./ExpensesTracker/Support Files/Info.plist";
				INFOPLIST_KEY_UIApplicationSceneManifest_Generation = YES;
				INFOPLIST_KEY_UIApplicationSupportsIndirectInputEvents = YES;
				INFOPLIST_KEY_UILaunchScreen_Generation = YES;
				INFOPLIST_KEY_UISupportedInterfaceOrientations_iPad = "UIInterfaceOrientationPortrait UIInterfaceOrientationPortraitUpsideDown UIInterfaceOrientationLandscapeLeft UIInterfaceOrientationLandscapeRight";
				INFOPLIST_KEY_UISupportedInterfaceOrientations_iPhone = "UIInterfaceOrientationPortrait UIInterfaceOrientationLandscapeLeft UIInterfaceOrientationLandscapeRight";
				IPHONEOS_DEPLOYMENT_TARGET = 17.0;
				LD_RUNPATH_SEARCH_PATHS = (
					"$(inherited)",
					"@executable_path/Frameworks",
				);
				MARKETING_VERSION = 1.0;
				PRODUCT_BUNDLE_IDENTIFIER = com.organization.ExpensesTracker;
				PRODUCT_NAME = "$(TARGET_NAME)";
				SWIFT_EMIT_LOC_STRINGS = YES;
				SWIFT_VERSION = 5.0;
				TARGETED_DEVICE_FAMILY = "1,2";
			};
			name = Debug;
		};
		B2B06F892BF52994007ECE43 /* Release */ = {
			isa = XCBuildConfiguration;
			buildSettings = {
				ASSETCATALOG_COMPILER_APPICON_NAME = AppIcon;
				ASSETCATALOG_COMPILER_GLOBAL_ACCENT_COLOR_NAME = AccentColor;
				CODE_SIGN_STYLE = Automatic;
				CURRENT_PROJECT_VERSION = 1;
				DEVELOPMENT_ASSET_PATHS = "\"./ExpensesTracker/Support Files/Preview Content\"";
				ENABLE_PREVIEWS = YES;
				GENERATE_INFOPLIST_FILE = YES;
				INFOPLIST_FILE = "./ExpensesTracker/Support Files/Info.plist";
				INFOPLIST_KEY_UIApplicationSceneManifest_Generation = YES;
				INFOPLIST_KEY_UIApplicationSupportsIndirectInputEvents = YES;
				INFOPLIST_KEY_UILaunchScreen_Generation = YES;
				INFOPLIST_KEY_UISupportedInterfaceOrientations_iPad = "UIInterfaceOrientationPortrait UIInterfaceOrientationPortraitUpsideDown UIInterfaceOrientationLandscapeLeft UIInterfaceOrientationLandscapeRight";
				INFOPLIST_KEY_UISupportedInterfaceOrientations_iPhone = "UIInterfaceOrientationPortrait UIInterfaceOrientationLandscapeLeft UIInterfaceOrientationLandscapeRight";
				IPHONEOS_DEPLOYMENT_TARGET = 17.0;
				LD_RUNPATH_SEARCH_PATHS = (
					"$(inherited)",
					"@executable_path/Frameworks",
				);
				MARKETING_VERSION = 1.0;
				PRODUCT_BUNDLE_IDENTIFIER = com.organization.ExpensesTracker;
				PRODUCT_NAME = "$(TARGET_NAME)";
				SWIFT_EMIT_LOC_STRINGS = YES;
				SWIFT_VERSION = 5.0;
				TARGETED_DEVICE_FAMILY = "1,2";
			};
			name = Release;
		};
/* End XCBuildConfiguration section */

/* Begin XCConfigurationList section */
		B2B06F742BF52990007ECE43 /* Build configuration list for PBXProject "ExpensesTracker" */ = {
			isa = XCConfigurationList;
			buildConfigurations = (
				B2B06F852BF52994007ECE43 /* Debug */,
				B2B06F862BF52994007ECE43 /* Release */,
			);
			defaultConfigurationIsVisible = 0;
			defaultConfigurationName = Release;
		};
		B2B06F872BF52994007ECE43 /* Build configuration list for PBXNativeTarget "ExpensesTracker" */ = {
			isa = XCConfigurationList;
			buildConfigurations = (
				B2B06F882BF52994007ECE43 /* Debug */,
				B2B06F892BF52994007ECE43 /* Release */,
			);
			defaultConfigurationIsVisible = 0;
			defaultConfigurationName = Release;
		};
/* End XCConfigurationList section */
	};
	rootObject = B2B06F712BF52990007ECE43 /* Project object */;
}
